{
  "version": 4,
  "terraform_version": "0.12.12",
  "serial": 12,
  "lineage": "a0fe6e49-1ebc-b14b-53a8-80a844040716",
  "outputs": {
    "instance_ips": {
      "value": [
        {
          "asia-east1-a": "10.140.0.2",
          "asia-east2-a": "10.170.0.2",
          "asia-northeast2-a": "10.174.0.2",
          "asia-south1-a": "10.160.0.2",
          "europe-north1-a": "10.166.0.2",
          "europe-west4-a": "10.164.0.2",
          "southamerica-east1-a": "10.158.0.2",
          "us-central1-a": "10.128.0.2",
          "us-east1-b": "10.142.0.2",
          "us-west2-a": "10.168.0.2"
        }
      ],
      "type": [
        "tuple",
        [
          [
            "object",
            {
              "asia-east1-a": "string",
              "asia-east2-a": "string",
              "asia-northeast2-a": "string",
              "asia-south1-a": "string",
              "europe-north1-a": "string",
              "europe-west4-a": "string",
              "southamerica-east1-a": "string",
              "us-central1-a": "string",
              "us-east1-b": "string",
              "us-west2-a": "string"
            }
          ]
        ]
      ]
    }
  },
  "resources": [
    {
      "module": "module.gce-container",
      "mode": "data",
      "type": "google_compute_image",
      "name": "coreos",
      "provider": "provider.google",
      "instances": [
        {
          "schema_version": 0,
          "attributes": {
            "archive_size_bytes": 3557835072,
            "creation_timestamp": "2018-09-27T12:31:30.802-07:00",
            "description": "Google, Container-Optimized OS, 69-10895.71.0 stable, Kernel: ChromiumOS-4.14.65 Kubernetes: 1.11.1 Docker: 17.03.2 Family: cos-stable",
            "disk_size_gb": 10,
            "family": "cos-stable",
            "id": "cos-cloud/cos-stable-69-10895-71-0",
            "image_encryption_key_sha256": "",
            "image_id": "3049358707159764733",
            "label_fingerprint": "42WmSpB8rSM=",
            "labels": {},
            "licenses": [
              "https://www.googleapis.com/compute/v1/projects/cos-cloud/global/licenses/cos"
            ],
            "name": "cos-stable-69-10895-71-0",
            "project": "cos-cloud",
            "self_link": "https://www.googleapis.com/compute/v1/projects/cos-cloud/global/images/cos-stable-69-10895-71-0",
            "source_disk": "",
            "source_disk_encryption_key_sha256": "",
            "source_disk_id": "",
            "source_image_id": "",
            "status": "READY"
          }
        }
      ]
    },
    {
      "mode": "managed",
      "type": "google_compute_instance",
      "name": "vm",
      "each": "list",
      "provider": "provider.google",
      "instances": [
        {
          "index_key": 0,
          "schema_version": 6,
          "attributes": {
            "allow_stopping_for_update": true,
            "attached_disk": [],
            "boot_disk": [
              {
                "auto_delete": true,
                "device_name": "persistent-disk-0",
                "disk_encryption_key_raw": "",
                "disk_encryption_key_sha256": "",
                "initialize_params": [
                  {
                    "image": "https://www.googleapis.com/compute/v1/projects/cos-cloud/global/images/cos-stable-69-10895-71-0",
                    "labels": {},
                    "size": 10,
                    "type": "pd-standard"
                  }
                ],
                "kms_key_self_link": "",
                "mode": "READ_WRITE",
                "source": "https://www.googleapis.com/compute/v1/projects/cl-dev/zones/asia-east1-a/disks/multi-region-dns-poc-asia-east1-a"
              }
            ],
            "can_ip_forward": false,
            "cpu_platform": "Intel Broadwell",
            "deletion_protection": false,
            "description": "",
            "enable_display": false,
            "guest_accelerator": [],
            "hostname": "",
            "id": "projects/cl-dev/zones/asia-east1-a/instances/multi-region-dns-poc-asia-east1-a",
            "instance_id": "3607095098497292286",
            "label_fingerprint": "uvtHfyyLwP4=",
            "labels": {
              "container-vm": "cos-stable-69-10895-71-0"
            },
            "machine_type": "f1-micro",
            "metadata": {
              "gce-container-declaration": "\"spec\":\n  \"containers\":\n  - \"image\": \"hermanbanken/zone-printer:latest\"\n    \"volumeMounts\":\n    - \"mountPath\": \"/data\"\n      \"name\": \"tempfs-0\"\n      \"readOnly\": false\n  \"restartPolicy\": \"Always\"\n  \"volumes\":\n  - \"emptyDir\":\n      \"medium\": \"Memory\"\n    \"name\": \"tempfs-0\"\n"
            },
            "metadata_fingerprint": "qcrFTEDAsmc=",
            "metadata_startup_script": "",
            "min_cpu_platform": "",
            "name": "multi-region-dns-poc-asia-east1-a",
            "network_interface": [
              {
                "access_config": [
                  {
                    "nat_ip": "35.194.155.203",
                    "network_tier": "PREMIUM",
                    "public_ptr_domain_name": ""
                  }
                ],
                "alias_ip_range": [],
                "name": "nic0",
                "network": "https://www.googleapis.com/compute/v1/projects/cl-dev/global/networks/multi-region-dns-poc",
                "network_ip": "10.140.0.2",
                "subnetwork": "https://www.googleapis.com/compute/v1/projects/cl-dev/regions/asia-east1/subnetworks/multi-region-dns-poc",
                "subnetwork_project": "cl-dev"
              }
            ],
            "project": "cl-dev",
            "scheduling": [
              {
                "automatic_restart": true,
                "node_affinities": [],
                "on_host_maintenance": "MIGRATE",
                "preemptible": false
              }
            ],
            "scratch_disk": [],
            "self_link": "https://www.googleapis.com/compute/v1/projects/cl-dev/zones/asia-east1-a/instances/multi-region-dns-poc-asia-east1-a",
            "service_account": [
              {
                "email": "469943564514@project.gserviceaccount.com",
                "scopes": [
                  "https://www.googleapis.com/auth/cloud-platform",
                  "https://www.googleapis.com/auth/devstorage.full_control",
                  "https://www.googleapis.com/auth/logging.write"
                ]
              }
            ],
            "shielded_instance_config": [],
            "tags": [
              "container-vm",
              "firewall-http-health-check",
              "firewall-ssh"
            ],
            "tags_fingerprint": "UyewPx1lotM=",
            "timeouts": null,
            "zone": "asia-east1-a"
          },
          "private": "eyJlMmJmYjczMC1lY2FhLTExZTYtOGY4OC0zNDM2M2JjN2M0YzAiOnsiY3JlYXRlIjoxMjAwMDAwMDAwMDAwLCJkZWxldGUiOjEyMDAwMDAwMDAwMDAsInVwZGF0ZSI6MTIwMDAwMDAwMDAwMH0sInNjaGVtYV92ZXJzaW9uIjoiNiJ9",
          "depends_on": [
            "google_compute_network.default",
            "module.gce-container"
          ]
        },
        {
          "index_key": 1,
          "schema_version": 6,
          "attributes": {
            "allow_stopping_for_update": true,
            "attached_disk": [],
            "boot_disk": [
              {
                "auto_delete": true,
                "device_name": "persistent-disk-0",
                "disk_encryption_key_raw": "",
                "disk_encryption_key_sha256": "",
                "initialize_params": [
                  {
                    "image": "https://www.googleapis.com/compute/v1/projects/cos-cloud/global/images/cos-stable-69-10895-71-0",
                    "labels": {},
                    "size": 10,
                    "type": "pd-standard"
                  }
                ],
                "kms_key_self_link": "",
                "mode": "READ_WRITE",
                "source": "https://www.googleapis.com/compute/v1/projects/cl-dev/zones/asia-east2-a/disks/multi-region-dns-poc-asia-east2-a"
              }
            ],
            "can_ip_forward": false,
            "cpu_platform": "Intel Skylake",
            "deletion_protection": false,
            "description": "",
            "enable_display": false,
            "guest_accelerator": [],
            "hostname": "",
            "id": "projects/cl-dev/zones/asia-east2-a/instances/multi-region-dns-poc-asia-east2-a",
            "instance_id": "9044683334872717310",
            "label_fingerprint": "uvtHfyyLwP4=",
            "labels": {
              "container-vm": "cos-stable-69-10895-71-0"
            },
            "machine_type": "f1-micro",
            "metadata": {
              "gce-container-declaration": "\"spec\":\n  \"containers\":\n  - \"image\": \"hermanbanken/zone-printer:latest\"\n    \"volumeMounts\":\n    - \"mountPath\": \"/data\"\n      \"name\": \"tempfs-0\"\n      \"readOnly\": false\n  \"restartPolicy\": \"Always\"\n  \"volumes\":\n  - \"emptyDir\":\n      \"medium\": \"Memory\"\n    \"name\": \"tempfs-0\"\n"
            },
            "metadata_fingerprint": "qcrFTEDAsmc=",
            "metadata_startup_script": "",
            "min_cpu_platform": "",
            "name": "multi-region-dns-poc-asia-east2-a",
            "network_interface": [
              {
                "access_config": [
                  {
                    "nat_ip": "35.220.169.129",
                    "network_tier": "PREMIUM",
                    "public_ptr_domain_name": ""
                  }
                ],
                "alias_ip_range": [],
                "name": "nic0",
                "network": "https://www.googleapis.com/compute/v1/projects/cl-dev/global/networks/multi-region-dns-poc",
                "network_ip": "10.170.0.2",
                "subnetwork": "https://www.googleapis.com/compute/v1/projects/cl-dev/regions/asia-east2/subnetworks/multi-region-dns-poc",
                "subnetwork_project": "cl-dev"
              }
            ],
            "project": "cl-dev",
            "scheduling": [
              {
                "automatic_restart": true,
                "node_affinities": [],
                "on_host_maintenance": "MIGRATE",
                "preemptible": false
              }
            ],
            "scratch_disk": [],
            "self_link": "https://www.googleapis.com/compute/v1/projects/cl-dev/zones/asia-east2-a/instances/multi-region-dns-poc-asia-east2-a",
            "service_account": [
              {
                "email": "469943564514@project.gserviceaccount.com",
                "scopes": [
                  "https://www.googleapis.com/auth/cloud-platform",
                  "https://www.googleapis.com/auth/devstorage.full_control",
                  "https://www.googleapis.com/auth/logging.write"
                ]
              }
            ],
            "shielded_instance_config": [],
            "tags": [
              "container-vm",
              "firewall-http-health-check",
              "firewall-ssh"
            ],
            "tags_fingerprint": "UyewPx1lotM=",
            "timeouts": null,
            "zone": "asia-east2-a"
          },
          "private": "eyJlMmJmYjczMC1lY2FhLTExZTYtOGY4OC0zNDM2M2JjN2M0YzAiOnsiY3JlYXRlIjoxMjAwMDAwMDAwMDAwLCJkZWxldGUiOjEyMDAwMDAwMDAwMDAsInVwZGF0ZSI6MTIwMDAwMDAwMDAwMH0sInNjaGVtYV92ZXJzaW9uIjoiNiJ9",
          "depends_on": [
            "google_compute_network.default",
            "module.gce-container"
          ]
        },
        {
          "index_key": 2,
          "schema_version": 6,
          "attributes": {
            "allow_stopping_for_update": true,
            "attached_disk": [],
            "boot_disk": [
              {
                "auto_delete": true,
                "device_name": "persistent-disk-0",
                "disk_encryption_key_raw": "",
                "disk_encryption_key_sha256": "",
                "initialize_params": [
                  {
                    "image": "https://www.googleapis.com/compute/v1/projects/cos-cloud/global/images/cos-stable-69-10895-71-0",
                    "labels": {},
                    "size": 10,
                    "type": "pd-standard"
                  }
                ],
                "kms_key_self_link": "",
                "mode": "READ_WRITE",
                "source": "https://www.googleapis.com/compute/v1/projects/cl-dev/zones/asia-northeast2-a/disks/multi-region-dns-poc-asia-northeast2-a"
              }
            ],
            "can_ip_forward": false,
            "cpu_platform": "Intel Skylake",
            "deletion_protection": false,
            "description": "",
            "enable_display": false,
            "guest_accelerator": [],
            "hostname": "",
            "id": "projects/cl-dev/zones/asia-northeast2-a/instances/multi-region-dns-poc-asia-northeast2-a",
            "instance_id": "2162495681849972734",
            "label_fingerprint": "uvtHfyyLwP4=",
            "labels": {
              "container-vm": "cos-stable-69-10895-71-0"
            },
            "machine_type": "f1-micro",
            "metadata": {
              "gce-container-declaration": "\"spec\":\n  \"containers\":\n  - \"image\": \"hermanbanken/zone-printer:latest\"\n    \"volumeMounts\":\n    - \"mountPath\": \"/data\"\n      \"name\": \"tempfs-0\"\n      \"readOnly\": false\n  \"restartPolicy\": \"Always\"\n  \"volumes\":\n  - \"emptyDir\":\n      \"medium\": \"Memory\"\n    \"name\": \"tempfs-0\"\n"
            },
            "metadata_fingerprint": "qcrFTEDAsmc=",
            "metadata_startup_script": "",
            "min_cpu_platform": "",
            "name": "multi-region-dns-poc-asia-northeast2-a",
            "network_interface": [
              {
                "access_config": [
                  {
                    "nat_ip": "34.97.120.137",
                    "network_tier": "PREMIUM",
                    "public_ptr_domain_name": ""
                  }
                ],
                "alias_ip_range": [],
                "name": "nic0",
                "network": "https://www.googleapis.com/compute/v1/projects/cl-dev/global/networks/multi-region-dns-poc",
                "network_ip": "10.174.0.2",
                "subnetwork": "https://www.googleapis.com/compute/v1/projects/cl-dev/regions/asia-northeast2/subnetworks/multi-region-dns-poc",
                "subnetwork_project": "cl-dev"
              }
            ],
            "project": "cl-dev",
            "scheduling": [
              {
                "automatic_restart": true,
                "node_affinities": [],
                "on_host_maintenance": "MIGRATE",
                "preemptible": false
              }
            ],
            "scratch_disk": [],
            "self_link": "https://www.googleapis.com/compute/v1/projects/cl-dev/zones/asia-northeast2-a/instances/multi-region-dns-poc-asia-northeast2-a",
            "service_account": [
              {
                "email": "469943564514@project.gserviceaccount.com",
                "scopes": [
                  "https://www.googleapis.com/auth/cloud-platform",
                  "https://www.googleapis.com/auth/devstorage.full_control",
                  "https://www.googleapis.com/auth/logging.write"
                ]
              }
            ],
            "shielded_instance_config": [],
            "tags": [
              "container-vm",
              "firewall-http-health-check",
              "firewall-ssh"
            ],
            "tags_fingerprint": "UyewPx1lotM=",
            "timeouts": null,
            "zone": "asia-northeast2-a"
          },
          "private": "eyJlMmJmYjczMC1lY2FhLTExZTYtOGY4OC0zNDM2M2JjN2M0YzAiOnsiY3JlYXRlIjoxMjAwMDAwMDAwMDAwLCJkZWxldGUiOjEyMDAwMDAwMDAwMDAsInVwZGF0ZSI6MTIwMDAwMDAwMDAwMH0sInNjaGVtYV92ZXJzaW9uIjoiNiJ9",
          "depends_on": [
            "google_compute_network.default",
            "module.gce-container"
          ]
        },
        {
          "index_key": 3,
          "schema_version": 6,
          "attributes": {
            "allow_stopping_for_update": true,
            "attached_disk": [],
            "boot_disk": [
              {
                "auto_delete": true,
                "device_name": "persistent-disk-0",
                "disk_encryption_key_raw": "",
                "disk_encryption_key_sha256": "",
                "initialize_params": [
                  {
                    "image": "https://www.googleapis.com/compute/v1/projects/cos-cloud/global/images/cos-stable-69-10895-71-0",
                    "labels": {},
                    "size": 10,
                    "type": "pd-standard"
                  }
                ],
                "kms_key_self_link": "",
                "mode": "READ_WRITE",
                "source": "https://www.googleapis.com/compute/v1/projects/cl-dev/zones/asia-south1-a/disks/multi-region-dns-poc-asia-south1-a"
              }
            ],
            "can_ip_forward": false,
            "cpu_platform": "Intel Skylake",
            "deletion_protection": false,
            "description": "",
            "enable_display": false,
            "guest_accelerator": [],
            "hostname": "",
            "id": "projects/cl-dev/zones/asia-south1-a/instances/multi-region-dns-poc-asia-south1-a",
            "instance_id": "7745255161449928702",
            "label_fingerprint": "uvtHfyyLwP4=",
            "labels": {
              "container-vm": "cos-stable-69-10895-71-0"
            },
            "machine_type": "f1-micro",
            "metadata": {
              "gce-container-declaration": "\"spec\":\n  \"containers\":\n  - \"image\": \"hermanbanken/zone-printer:latest\"\n    \"volumeMounts\":\n    - \"mountPath\": \"/data\"\n      \"name\": \"tempfs-0\"\n      \"readOnly\": false\n  \"restartPolicy\": \"Always\"\n  \"volumes\":\n  - \"emptyDir\":\n      \"medium\": \"Memory\"\n    \"name\": \"tempfs-0\"\n"
            },
            "metadata_fingerprint": "qcrFTEDAsmc=",
            "metadata_startup_script": "",
            "min_cpu_platform": "",
            "name": "multi-region-dns-poc-asia-south1-a",
            "network_interface": [
              {
                "access_config": [
                  {
                    "nat_ip": "34.93.59.158",
                    "network_tier": "PREMIUM",
                    "public_ptr_domain_name": ""
                  }
                ],
                "alias_ip_range": [],
                "name": "nic0",
                "network": "https://www.googleapis.com/compute/v1/projects/cl-dev/global/networks/multi-region-dns-poc",
                "network_ip": "10.160.0.2",
                "subnetwork": "https://www.googleapis.com/compute/v1/projects/cl-dev/regions/asia-south1/subnetworks/multi-region-dns-poc",
                "subnetwork_project": "cl-dev"
              }
            ],
            "project": "cl-dev",
            "scheduling": [
              {
                "automatic_restart": true,
                "node_affinities": [],
                "on_host_maintenance": "MIGRATE",
                "preemptible": false
              }
            ],
            "scratch_disk": [],
            "self_link": "https://www.googleapis.com/compute/v1/projects/cl-dev/zones/asia-south1-a/instances/multi-region-dns-poc-asia-south1-a",
            "service_account": [
              {
                "email": "469943564514@project.gserviceaccount.com",
                "scopes": [
                  "https://www.googleapis.com/auth/cloud-platform",
                  "https://www.googleapis.com/auth/devstorage.full_control",
                  "https://www.googleapis.com/auth/logging.write"
                ]
              }
            ],
            "shielded_instance_config": [],
            "tags": [
              "container-vm",
              "firewall-http-health-check",
              "firewall-ssh"
            ],
            "tags_fingerprint": "UyewPx1lotM=",
            "timeouts": null,
            "zone": "asia-south1-a"
          },
          "private": "eyJlMmJmYjczMC1lY2FhLTExZTYtOGY4OC0zNDM2M2JjN2M0YzAiOnsiY3JlYXRlIjoxMjAwMDAwMDAwMDAwLCJkZWxldGUiOjEyMDAwMDAwMDAwMDAsInVwZGF0ZSI6MTIwMDAwMDAwMDAwMH0sInNjaGVtYV92ZXJzaW9uIjoiNiJ9",
          "depends_on": [
            "google_compute_network.default",
            "module.gce-container"
          ]
        },
        {
          "index_key": 4,
          "schema_version": 6,
          "attributes": {
            "allow_stopping_for_update": true,
            "attached_disk": [],
            "boot_disk": [
              {
                "auto_delete": true,
                "device_name": "persistent-disk-0",
                "disk_encryption_key_raw": "",
                "disk_encryption_key_sha256": "",
                "initialize_params": [
                  {
                    "image": "https://www.googleapis.com/compute/v1/projects/cos-cloud/global/images/cos-stable-69-10895-71-0",
                    "labels": {},
                    "size": 10,
                    "type": "pd-standard"
                  }
                ],
                "kms_key_self_link": "",
                "mode": "READ_WRITE",
                "source": "https://www.googleapis.com/compute/v1/projects/cl-dev/zones/europe-north1-a/disks/multi-region-dns-poc-europe-north1-a"
              }
            ],
            "can_ip_forward": false,
            "cpu_platform": "Intel Skylake",
            "deletion_protection": false,
            "description": "",
            "enable_display": false,
            "guest_accelerator": [],
            "hostname": "",
            "id": "projects/cl-dev/zones/europe-north1-a/instances/multi-region-dns-poc-europe-north1-a",
            "instance_id": "8675721905862072318",
            "label_fingerprint": "uvtHfyyLwP4=",
            "labels": {
              "container-vm": "cos-stable-69-10895-71-0"
            },
            "machine_type": "f1-micro",
            "metadata": {
              "gce-container-declaration": "\"spec\":\n  \"containers\":\n  - \"image\": \"hermanbanken/zone-printer:latest\"\n    \"volumeMounts\":\n    - \"mountPath\": \"/data\"\n      \"name\": \"tempfs-0\"\n      \"readOnly\": false\n  \"restartPolicy\": \"Always\"\n  \"volumes\":\n  - \"emptyDir\":\n      \"medium\": \"Memory\"\n    \"name\": \"tempfs-0\"\n"
            },
            "metadata_fingerprint": "qcrFTEDAsmc=",
            "metadata_startup_script": "",
            "min_cpu_platform": "",
            "name": "multi-region-dns-poc-europe-north1-a",
            "network_interface": [
              {
                "access_config": [
                  {
                    "nat_ip": "35.228.87.158",
                    "network_tier": "PREMIUM",
                    "public_ptr_domain_name": ""
                  }
                ],
                "alias_ip_range": [],
                "name": "nic0",
                "network": "https://www.googleapis.com/compute/v1/projects/cl-dev/global/networks/multi-region-dns-poc",
                "network_ip": "10.166.0.2",
                "subnetwork": "https://www.googleapis.com/compute/v1/projects/cl-dev/regions/europe-north1/subnetworks/multi-region-dns-poc",
                "subnetwork_project": "cl-dev"
              }
            ],
            "project": "cl-dev",
            "scheduling": [
              {
                "automatic_restart": true,
                "node_affinities": [],
                "on_host_maintenance": "MIGRATE",
                "preemptible": false
              }
            ],
            "scratch_disk": [],
            "self_link": "https://www.googleapis.com/compute/v1/projects/cl-dev/zones/europe-north1-a/instances/multi-region-dns-poc-europe-north1-a",
            "service_account": [
              {
                "email": "469943564514@project.gserviceaccount.com",
                "scopes": [
                  "https://www.googleapis.com/auth/cloud-platform",
                  "https://www.googleapis.com/auth/devstorage.full_control",
                  "https://www.googleapis.com/auth/logging.write"
                ]
              }
            ],
            "shielded_instance_config": [],
            "tags": [
              "container-vm",
              "firewall-http-health-check",
              "firewall-ssh"
            ],
            "tags_fingerprint": "UyewPx1lotM=",
            "timeouts": null,
            "zone": "europe-north1-a"
          },
          "private": "eyJlMmJmYjczMC1lY2FhLTExZTYtOGY4OC0zNDM2M2JjN2M0YzAiOnsiY3JlYXRlIjoxMjAwMDAwMDAwMDAwLCJkZWxldGUiOjEyMDAwMDAwMDAwMDAsInVwZGF0ZSI6MTIwMDAwMDAwMDAwMH0sInNjaGVtYV92ZXJzaW9uIjoiNiJ9",
          "depends_on": [
            "google_compute_network.default",
            "module.gce-container"
          ]
        },
        {
          "index_key": 5,
          "schema_version": 6,
          "attributes": {
            "allow_stopping_for_update": true,
            "attached_disk": [],
            "boot_disk": [
              {
                "auto_delete": true,
                "device_name": "persistent-disk-0",
                "disk_encryption_key_raw": "",
                "disk_encryption_key_sha256": "",
                "initialize_params": [
                  {
                    "image": "https://www.googleapis.com/compute/v1/projects/cos-cloud/global/images/cos-stable-69-10895-71-0",
                    "labels": {},
                    "size": 10,
                    "type": "pd-standard"
                  }
                ],
                "kms_key_self_link": "",
                "mode": "READ_WRITE",
                "source": "https://www.googleapis.com/compute/v1/projects/cl-dev/zones/europe-west4-a/disks/multi-region-dns-poc-europe-west4-a"
              }
            ],
            "can_ip_forward": false,
            "cpu_platform": "Intel Skylake",
            "deletion_protection": false,
            "description": "",
            "enable_display": false,
            "guest_accelerator": [],
            "hostname": "",
            "id": "projects/cl-dev/zones/europe-west4-a/instances/multi-region-dns-poc-europe-west4-a",
            "instance_id": "4792043349596690430",
            "label_fingerprint": "uvtHfyyLwP4=",
            "labels": {
              "container-vm": "cos-stable-69-10895-71-0"
            },
            "machine_type": "f1-micro",
            "metadata": {
              "gce-container-declaration": "\"spec\":\n  \"containers\":\n  - \"image\": \"hermanbanken/zone-printer:latest\"\n    \"volumeMounts\":\n    - \"mountPath\": \"/data\"\n      \"name\": \"tempfs-0\"\n      \"readOnly\": false\n  \"restartPolicy\": \"Always\"\n  \"volumes\":\n  - \"emptyDir\":\n      \"medium\": \"Memory\"\n    \"name\": \"tempfs-0\"\n"
            },
            "metadata_fingerprint": "qcrFTEDAsmc=",
            "metadata_startup_script": "",
            "min_cpu_platform": "",
            "name": "multi-region-dns-poc-europe-west4-a",
            "network_interface": [
              {
                "access_config": [
                  {
                    "nat_ip": "34.90.50.176",
                    "network_tier": "PREMIUM",
                    "public_ptr_domain_name": ""
                  }
                ],
                "alias_ip_range": [],
                "name": "nic0",
                "network": "https://www.googleapis.com/compute/v1/projects/cl-dev/global/networks/multi-region-dns-poc",
                "network_ip": "10.164.0.2",
                "subnetwork": "https://www.googleapis.com/compute/v1/projects/cl-dev/regions/europe-west4/subnetworks/multi-region-dns-poc",
                "subnetwork_project": "cl-dev"
              }
            ],
            "project": "cl-dev",
            "scheduling": [
              {
                "automatic_restart": true,
                "node_affinities": [],
                "on_host_maintenance": "MIGRATE",
                "preemptible": false
              }
            ],
            "scratch_disk": [],
            "self_link": "https://www.googleapis.com/compute/v1/projects/cl-dev/zones/europe-west4-a/instances/multi-region-dns-poc-europe-west4-a",
            "service_account": [
              {
                "email": "469943564514@project.gserviceaccount.com",
                "scopes": [
                  "https://www.googleapis.com/auth/cloud-platform",
                  "https://www.googleapis.com/auth/devstorage.full_control",
                  "https://www.googleapis.com/auth/logging.write"
                ]
              }
            ],
            "shielded_instance_config": [],
            "tags": [
              "container-vm",
              "firewall-http-health-check",
              "firewall-ssh"
            ],
            "tags_fingerprint": "UyewPx1lotM=",
            "timeouts": null,
            "zone": "europe-west4-a"
          },
          "private": "eyJlMmJmYjczMC1lY2FhLTExZTYtOGY4OC0zNDM2M2JjN2M0YzAiOnsiY3JlYXRlIjoxMjAwMDAwMDAwMDAwLCJkZWxldGUiOjEyMDAwMDAwMDAwMDAsInVwZGF0ZSI6MTIwMDAwMDAwMDAwMH0sInNjaGVtYV92ZXJzaW9uIjoiNiJ9",
          "depends_on": [
            "google_compute_network.default",
            "module.gce-container"
          ]
        },
        {
          "index_key": 6,
          "schema_version": 6,
          "attributes": {
            "allow_stopping_for_update": true,
            "attached_disk": [],
            "boot_disk": [
              {
                "auto_delete": true,
                "device_name": "persistent-disk-0",
                "disk_encryption_key_raw": "",
                "disk_encryption_key_sha256": "",
                "initialize_params": [
                  {
                    "image": "https://www.googleapis.com/compute/v1/projects/cos-cloud/global/images/cos-stable-69-10895-71-0",
                    "labels": {},
                    "size": 10,
                    "type": "pd-standard"
                  }
                ],
                "kms_key_self_link": "",
                "mode": "READ_WRITE",
                "source": "https://www.googleapis.com/compute/v1/projects/cl-dev/zones/southamerica-east1-a/disks/multi-region-dns-poc-southamerica-east1-a"
              }
            ],
            "can_ip_forward": false,
            "cpu_platform": "Intel Broadwell",
            "deletion_protection": false,
            "description": "",
            "enable_display": false,
            "guest_accelerator": [],
            "hostname": "",
            "id": "projects/cl-dev/zones/southamerica-east1-a/instances/multi-region-dns-poc-southamerica-east1-a",
            "instance_id": "7461490378759985150",
            "label_fingerprint": "uvtHfyyLwP4=",
            "labels": {
              "container-vm": "cos-stable-69-10895-71-0"
            },
            "machine_type": "f1-micro",
            "metadata": {
              "gce-container-declaration": "\"spec\":\n  \"containers\":\n  - \"image\": \"hermanbanken/zone-printer:latest\"\n    \"volumeMounts\":\n    - \"mountPath\": \"/data\"\n      \"name\": \"tempfs-0\"\n      \"readOnly\": false\n  \"restartPolicy\": \"Always\"\n  \"volumes\":\n  - \"emptyDir\":\n      \"medium\": \"Memory\"\n    \"name\": \"tempfs-0\"\n"
            },
            "metadata_fingerprint": "qcrFTEDAsmc=",
            "metadata_startup_script": "",
            "min_cpu_platform": "",
            "name": "multi-region-dns-poc-southamerica-east1-a",
            "network_interface": [
              {
                "access_config": [
                  {
                    "nat_ip": "35.247.253.124",
                    "network_tier": "PREMIUM",
                    "public_ptr_domain_name": ""
                  }
                ],
                "alias_ip_range": [],
                "name": "nic0",
                "network": "https://www.googleapis.com/compute/v1/projects/cl-dev/global/networks/multi-region-dns-poc",
                "network_ip": "10.158.0.2",
                "subnetwork": "https://www.googleapis.com/compute/v1/projects/cl-dev/regions/southamerica-east1/subnetworks/multi-region-dns-poc",
                "subnetwork_project": "cl-dev"
              }
            ],
            "project": "cl-dev",
            "scheduling": [
              {
                "automatic_restart": true,
                "node_affinities": [],
                "on_host_maintenance": "MIGRATE",
                "preemptible": false
              }
            ],
            "scratch_disk": [],
            "self_link": "https://www.googleapis.com/compute/v1/projects/cl-dev/zones/southamerica-east1-a/instances/multi-region-dns-poc-southamerica-east1-a",
            "service_account": [
              {
                "email": "469943564514@project.gserviceaccount.com",
                "scopes": [
                  "https://www.googleapis.com/auth/cloud-platform",
                  "https://www.googleapis.com/auth/devstorage.full_control",
                  "https://www.googleapis.com/auth/logging.write"
                ]
              }
            ],
            "shielded_instance_config": [],
            "tags": [
              "container-vm",
              "firewall-http-health-check",
              "firewall-ssh"
            ],
            "tags_fingerprint": "UyewPx1lotM=",
            "timeouts": null,
            "zone": "southamerica-east1-a"
          },
          "private": "eyJlMmJmYjczMC1lY2FhLTExZTYtOGY4OC0zNDM2M2JjN2M0YzAiOnsiY3JlYXRlIjoxMjAwMDAwMDAwMDAwLCJkZWxldGUiOjEyMDAwMDAwMDAwMDAsInVwZGF0ZSI6MTIwMDAwMDAwMDAwMH0sInNjaGVtYV92ZXJzaW9uIjoiNiJ9",
          "depends_on": [
            "google_compute_network.default",
            "module.gce-container"
          ]
        },
        {
          "index_key": 7,
          "schema_version": 6,
          "attributes": {
            "allow_stopping_for_update": true,
            "attached_disk": [],
            "boot_disk": [
              {
                "auto_delete": true,
                "device_name": "persistent-disk-0",
                "disk_encryption_key_raw": "",
                "disk_encryption_key_sha256": "",
                "initialize_params": [
                  {
                    "image": "https://www.googleapis.com/compute/v1/projects/cos-cloud/global/images/cos-stable-69-10895-71-0",
                    "labels": {},
                    "size": 10,
                    "type": "pd-standard"
                  }
                ],
                "kms_key_self_link": "",
                "mode": "READ_WRITE",
                "source": "https://www.googleapis.com/compute/v1/projects/cl-dev/zones/us-east1-b/disks/multi-region-dns-poc-us-east1-b"
              }
            ],
            "can_ip_forward": false,
            "cpu_platform": "Intel Haswell",
            "deletion_protection": false,
            "description": "",
            "enable_display": false,
            "guest_accelerator": [],
            "hostname": "",
            "id": "projects/cl-dev/zones/us-east1-b/instances/multi-region-dns-poc-us-east1-b",
            "instance_id": "1785055265842518014",
            "label_fingerprint": "uvtHfyyLwP4=",
            "labels": {
              "container-vm": "cos-stable-69-10895-71-0"
            },
            "machine_type": "f1-micro",
            "metadata": {
              "gce-container-declaration": "\"spec\":\n  \"containers\":\n  - \"image\": \"hermanbanken/zone-printer:latest\"\n    \"volumeMounts\":\n    - \"mountPath\": \"/data\"\n      \"name\": \"tempfs-0\"\n      \"readOnly\": false\n  \"restartPolicy\": \"Always\"\n  \"volumes\":\n  - \"emptyDir\":\n      \"medium\": \"Memory\"\n    \"name\": \"tempfs-0\"\n"
            },
            "metadata_fingerprint": "qcrFTEDAsmc=",
            "metadata_startup_script": "",
            "min_cpu_platform": "",
            "name": "multi-region-dns-poc-us-east1-b",
            "network_interface": [
              {
                "access_config": [
                  {
                    "nat_ip": "34.73.123.236",
                    "network_tier": "PREMIUM",
                    "public_ptr_domain_name": ""
                  }
                ],
                "alias_ip_range": [],
                "name": "nic0",
                "network": "https://www.googleapis.com/compute/v1/projects/cl-dev/global/networks/multi-region-dns-poc",
                "network_ip": "10.142.0.2",
                "subnetwork": "https://www.googleapis.com/compute/v1/projects/cl-dev/regions/us-east1/subnetworks/multi-region-dns-poc",
                "subnetwork_project": "cl-dev"
              }
            ],
            "project": "cl-dev",
            "scheduling": [
              {
                "automatic_restart": true,
                "node_affinities": [],
                "on_host_maintenance": "MIGRATE",
                "preemptible": false
              }
            ],
            "scratch_disk": [],
            "self_link": "https://www.googleapis.com/compute/v1/projects/cl-dev/zones/us-east1-b/instances/multi-region-dns-poc-us-east1-b",
            "service_account": [
              {
                "email": "469943564514@project.gserviceaccount.com",
                "scopes": [
                  "https://www.googleapis.com/auth/cloud-platform",
                  "https://www.googleapis.com/auth/devstorage.full_control",
                  "https://www.googleapis.com/auth/logging.write"
                ]
              }
            ],
            "shielded_instance_config": [],
            "tags": [
              "container-vm",
              "firewall-http-health-check",
              "firewall-ssh"
            ],
            "tags_fingerprint": "UyewPx1lotM=",
            "timeouts": null,
            "zone": "us-east1-b"
          },
          "private": "eyJlMmJmYjczMC1lY2FhLTExZTYtOGY4OC0zNDM2M2JjN2M0YzAiOnsiY3JlYXRlIjoxMjAwMDAwMDAwMDAwLCJkZWxldGUiOjEyMDAwMDAwMDAwMDAsInVwZGF0ZSI6MTIwMDAwMDAwMDAwMH0sInNjaGVtYV92ZXJzaW9uIjoiNiJ9",
          "depends_on": [
            "google_compute_network.default",
            "module.gce-container"
          ]
        },
        {
          "index_key": 8,
          "schema_version": 6,
          "attributes": {
            "allow_stopping_for_update": true,
            "attached_disk": [],
            "boot_disk": [
              {
                "auto_delete": true,
                "device_name": "persistent-disk-0",
                "disk_encryption_key_raw": "",
                "disk_encryption_key_sha256": "",
                "initialize_params": [
                  {
                    "image": "https://www.googleapis.com/compute/v1/projects/cos-cloud/global/images/cos-stable-69-10895-71-0",
                    "labels": {},
                    "size": 10,
                    "type": "pd-standard"
                  }
                ],
                "kms_key_self_link": "",
                "mode": "READ_WRITE",
                "source": "https://www.googleapis.com/compute/v1/projects/cl-dev/zones/us-west2-a/disks/multi-region-dns-poc-us-west2-a"
              }
            ],
            "can_ip_forward": false,
            "cpu_platform": "Intel Skylake",
            "deletion_protection": false,
            "description": "",
            "enable_display": false,
            "guest_accelerator": [],
            "hostname": "",
            "id": "projects/cl-dev/zones/us-west2-a/instances/multi-region-dns-poc-us-west2-a",
            "instance_id": "3691452538273126398",
            "label_fingerprint": "uvtHfyyLwP4=",
            "labels": {
              "container-vm": "cos-stable-69-10895-71-0"
            },
            "machine_type": "f1-micro",
            "metadata": {
              "gce-container-declaration": "\"spec\":\n  \"containers\":\n  - \"image\": \"hermanbanken/zone-printer:latest\"\n    \"volumeMounts\":\n    - \"mountPath\": \"/data\"\n      \"name\": \"tempfs-0\"\n      \"readOnly\": false\n  \"restartPolicy\": \"Always\"\n  \"volumes\":\n  - \"emptyDir\":\n      \"medium\": \"Memory\"\n    \"name\": \"tempfs-0\"\n"
            },
            "metadata_fingerprint": "qcrFTEDAsmc=",
            "metadata_startup_script": "",
            "min_cpu_platform": "",
            "name": "multi-region-dns-poc-us-west2-a",
            "network_interface": [
              {
                "access_config": [
                  {
                    "nat_ip": "34.94.134.250",
                    "network_tier": "PREMIUM",
                    "public_ptr_domain_name": ""
                  }
                ],
                "alias_ip_range": [],
                "name": "nic0",
                "network": "https://www.googleapis.com/compute/v1/projects/cl-dev/global/networks/multi-region-dns-poc",
                "network_ip": "10.168.0.2",
                "subnetwork": "https://www.googleapis.com/compute/v1/projects/cl-dev/regions/us-west2/subnetworks/multi-region-dns-poc",
                "subnetwork_project": "cl-dev"
              }
            ],
            "project": "cl-dev",
            "scheduling": [
              {
                "automatic_restart": true,
                "node_affinities": [],
                "on_host_maintenance": "MIGRATE",
                "preemptible": false
              }
            ],
            "scratch_disk": [],
            "self_link": "https://www.googleapis.com/compute/v1/projects/cl-dev/zones/us-west2-a/instances/multi-region-dns-poc-us-west2-a",
            "service_account": [
              {
                "email": "469943564514@project.gserviceaccount.com",
                "scopes": [
                  "https://www.googleapis.com/auth/cloud-platform",
                  "https://www.googleapis.com/auth/devstorage.full_control",
                  "https://www.googleapis.com/auth/logging.write"
                ]
              }
            ],
            "shielded_instance_config": [],
            "tags": [
              "container-vm",
              "firewall-http-health-check",
              "firewall-ssh"
            ],
            "tags_fingerprint": "UyewPx1lotM=",
            "timeouts": null,
            "zone": "us-west2-a"
          },
          "private": "eyJlMmJmYjczMC1lY2FhLTExZTYtOGY4OC0zNDM2M2JjN2M0YzAiOnsiY3JlYXRlIjoxMjAwMDAwMDAwMDAwLCJkZWxldGUiOjEyMDAwMDAwMDAwMDAsInVwZGF0ZSI6MTIwMDAwMDAwMDAwMH0sInNjaGVtYV92ZXJzaW9uIjoiNiJ9",
          "depends_on": [
            "google_compute_network.default",
            "module.gce-container"
          ]
        },
        {
          "index_key": 9,
          "schema_version": 6,
          "attributes": {
            "allow_stopping_for_update": true,
            "attached_disk": [],
            "boot_disk": [
              {
                "auto_delete": true,
                "device_name": "persistent-disk-0",
                "disk_encryption_key_raw": "",
                "disk_encryption_key_sha256": "",
                "initialize_params": [
                  {
                    "image": "https://www.googleapis.com/compute/v1/projects/cos-cloud/global/images/cos-stable-69-10895-71-0",
                    "labels": {},
                    "size": 10,
                    "type": "pd-standard"
                  }
                ],
                "kms_key_self_link": "",
                "mode": "READ_WRITE",
                "source": "https://www.googleapis.com/compute/v1/projects/cl-dev/zones/us-central1-a/disks/multi-region-dns-poc-us-central1-a"
              }
            ],
            "can_ip_forward": false,
            "cpu_platform": "Intel Haswell",
            "deletion_protection": false,
            "description": "",
            "enable_display": false,
            "guest_accelerator": [],
            "hostname": "",
            "id": "projects/cl-dev/zones/us-central1-a/instances/multi-region-dns-poc-us-central1-a",
            "instance_id": "7240754872499034110",
            "label_fingerprint": "uvtHfyyLwP4=",
            "labels": {
              "container-vm": "cos-stable-69-10895-71-0"
            },
            "machine_type": "f1-micro",
            "metadata": {
              "gce-container-declaration": "\"spec\":\n  \"containers\":\n  - \"image\": \"hermanbanken/zone-printer:latest\"\n    \"volumeMounts\":\n    - \"mountPath\": \"/data\"\n      \"name\": \"tempfs-0\"\n      \"readOnly\": false\n  \"restartPolicy\": \"Always\"\n  \"volumes\":\n  - \"emptyDir\":\n      \"medium\": \"Memory\"\n    \"name\": \"tempfs-0\"\n"
            },
            "metadata_fingerprint": "qcrFTEDAsmc=",
            "metadata_startup_script": "",
            "min_cpu_platform": "",
            "name": "multi-region-dns-poc-us-central1-a",
            "network_interface": [
              {
                "access_config": [
                  {
                    "nat_ip": "35.226.150.26",
                    "network_tier": "PREMIUM",
                    "public_ptr_domain_name": ""
                  }
                ],
                "alias_ip_range": [],
                "name": "nic0",
                "network": "https://www.googleapis.com/compute/v1/projects/cl-dev/global/networks/multi-region-dns-poc",
                "network_ip": "10.128.0.2",
                "subnetwork": "https://www.googleapis.com/compute/v1/projects/cl-dev/regions/us-central1/subnetworks/multi-region-dns-poc",
                "subnetwork_project": "cl-dev"
              }
            ],
            "project": "cl-dev",
            "scheduling": [
              {
                "automatic_restart": true,
                "node_affinities": [],
                "on_host_maintenance": "MIGRATE",
                "preemptible": false
              }
            ],
            "scratch_disk": [],
            "self_link": "https://www.googleapis.com/compute/v1/projects/cl-dev/zones/us-central1-a/instances/multi-region-dns-poc-us-central1-a",
            "service_account": [
              {
                "email": "469943564514@project.gserviceaccount.com",
                "scopes": [
                  "https://www.googleapis.com/auth/cloud-platform",
                  "https://www.googleapis.com/auth/devstorage.full_control",
                  "https://www.googleapis.com/auth/logging.write"
                ]
              }
            ],
            "shielded_instance_config": [],
            "tags": [
              "container-vm",
              "firewall-http-health-check",
              "firewall-ssh"
            ],
            "tags_fingerprint": "UyewPx1lotM=",
            "timeouts": null,
            "zone": "us-central1-a"
          },
          "private": "eyJlMmJmYjczMC1lY2FhLTExZTYtOGY4OC0zNDM2M2JjN2M0YzAiOnsiY3JlYXRlIjoxMjAwMDAwMDAwMDAwLCJkZWxldGUiOjEyMDAwMDAwMDAwMDAsInVwZGF0ZSI6MTIwMDAwMDAwMDAwMH0sInNjaGVtYV92ZXJzaW9uIjoiNiJ9",
          "depends_on": [
            "google_compute_network.default",
            "module.gce-container"
          ]
        }
      ]
    },
    {
      "mode": "managed",
      "type": "google_compute_network",
      "name": "default",
      "provider": "provider.google",
      "instances": [
        {
          "schema_version": 0,
          "attributes": {
            "auto_create_subnetworks": true,
            "delete_default_routes_on_create": false,
            "description": "",
            "gateway_ipv4": "",
            "id": "projects/cl-dev/global/networks/multi-region-dns-poc",
            "ipv4_range": null,
            "name": "multi-region-dns-poc",
            "project": "cl-dev",
            "routing_mode": "GLOBAL",
            "self_link": "https://www.googleapis.com/compute/v1/projects/cl-dev/global/networks/multi-region-dns-poc",
            "timeouts": null
          },
          "private": "eyJlMmJmYjczMC1lY2FhLTExZTYtOGY4OC0zNDM2M2JjN2M0YzAiOnsiY3JlYXRlIjoyNDAwMDAwMDAwMDAsImRlbGV0ZSI6MjQwMDAwMDAwMDAwLCJ1cGRhdGUiOjI0MDAwMDAwMDAwMH19"
        }
      ]
    }
  ]
}
